
Microsoft Visual Studio Solution File, Format Version 12.00
# Visual Studio 14
VisualStudioVersion = 14.0.25420.1
MinimumVisualStudioVersion = 10.0.40219.1
Project("{FAE04EC0-301F-11D3-BF4B-00C04F79EFBC}") = "DependencyProperty_Example", "WPF_Example\DependencyProperty_Example.csproj", "{D7869DF8-F410-4DF3-82AD-B93066E4B261}"
EndProject
Project("{FAE04EC0-301F-11D3-BF4B-00C04F79EFBC}") = "EventRouting_Example", "EventRouting_Example\EventRouting_Example.csproj", "{B1EBC3CC-DD37-4427-BF68-03D3DB620E3C}"
EndProject
Project("{FAE04EC0-301F-11D3-BF4B-00C04F79EFBC}") = "DataBinding_Example", "DataBinding_Example\DataBinding_Example.csproj", "{6C1365C4-2687-48A3-AA15-F1EDDFCCA29E}"
EndProject
Global
	GlobalSection(SolutionConfigurationPlatforms) = preSolution
		Debug|Any CPU = Debug|Any CPU
		Release|Any CPU = Release|Any CPU
	EndGlobalSection
	GlobalSection(ProjectConfigurationPlatforms) = postSolution
		{D7869DF8-F410-4DF3-82AD-B93066E4B261}.Debug|Any CPU.ActiveCfg = Debug|Any CPU
		{D7869DF8-F410-4DF3-82AD-B93066E4B261}.Debug|Any CPU.Build.0 = Debug|Any CPU
		{D7869DF8-F410-4DF3-82AD-B93066E4B261}.Release|Any CPU.ActiveCfg = Release|Any CPU
		{D7869DF8-F410-4DF3-82AD-B93066E4B261}.Release|Any CPU.Build.0 = Release|Any CPU
		{B1EBC3CC-DD37-4427-BF68-03D3DB620E3C}.Debug|Any CPU.ActiveCfg = Debug|Any CPU
		{B1EBC3CC-DD37-4427-BF68-03D3DB620E3C}.Debug|Any CPU.Build.0 = Debug|Any CPU
		{B1EBC3CC-DD37-4427-BF68-03D3DB620E3C}.Release|Any CPU.ActiveCfg = Release|Any CPU
		{B1EBC3CC-DD37-4427-BF68-03D3DB620E3C}.Release|Any CPU.Build.0 = Release|Any CPU
		{6C1365C4-2687-48A3-AA15-F1EDDFCCA29E}.Debug|Any CPU.ActiveCfg = Debug|Any CPU
		{6C1365C4-2687-48A3-AA15-F1EDDFCCA29E}.Debug|Any CPU.Build.0 = Debug|Any CPU
		{6C1365C4-2687-48A3-AA15-F1EDDFCCA29E}.Release|Any CPU.ActiveCfg = Release|Any CPU
		{6C1365C4-2687-48A3-AA15-F1EDDFCCA29E}.Release|Any CPU.Build.0 = Release|Any CPU
	EndGlobalSection
	GlobalSection(SolutionProperties) = preSolution
		HideSolutionNode = FALSE
	EndGlobalSection
EndGlobal
